
Microsoft Visual Studio Solution File, Format Version 12.00
# Visual Studio Version 17
VisualStudioVersion = 17.0.31903.59
MinimumVisualStudioVersion = 10.0.40219.1
Project("{9A19103F-16F7-4668-BE54-9A1E7A4F7556}") = "BlazorWebAssembly", "BlazorWebAssembly\BlazorWebAssembly.csproj", "{69F625CA-392E-42FA-B009-25F757A379E1}"
EndProject
Project("{9A19103F-16F7-4668-BE54-9A1E7A4F7556}") = "BlazorComponents", "BlazorComponents\BlazorComponents.csproj", "{90F9F885-C549-4A95-8F20-361C6D270E8D}"
EndProject
Global
	GlobalSection(SolutionConfigurationPlatforms) = preSolution
		Debug|Any CPU = Debug|Any CPU
		Release|Any CPU = Release|Any CPU
	EndGlobalSection
	GlobalSection(ProjectConfigurationPlatforms) = postSolution
		{69F625CA-392E-42FA-B009-25F757A379E1}.Debug|Any CPU.ActiveCfg = Debug|Any CPU
		{69F625CA-392E-42FA-B009-25F757A379E1}.Debug|Any CPU.Build.0 = Debug|Any CPU
		{69F625CA-392E-42FA-B009-25F757A379E1}.Release|Any CPU.ActiveCfg = Release|Any CPU
		{69F625CA-392E-42FA-B009-25F757A379E1}.Release|Any CPU.Build.0 = Release|Any CPU
		{90F9F885-C549-4A95-8F20-361C6D270E8D}.Debug|Any CPU.ActiveCfg = Debug|Any CPU
		{90F9F885-C549-4A95-8F20-361C6D270E8D}.Debug|Any CPU.Build.0 = Debug|Any CPU
		{90F9F885-C549-4A95-8F20-361C6D270E8D}.Release|Any CPU.ActiveCfg = Release|Any CPU
		{90F9F885-C549-4A95-8F20-361C6D270E8D}.Release|Any CPU.Build.0 = Release|Any CPU
	EndGlobalSection
	GlobalSection(SolutionProperties) = preSolution
		HideSolutionNode = FALSE
	EndGlobalSection
	GlobalSection(ExtensibilityGlobals) = postSolution
		SolutionGuid = {1DDA7D06-65DE-4DC0-923F-77E5421D15F0}
	EndGlobalSection
EndGlobal
